// !$*UTF8*$!
{
	archiveVersion = 1;
	classes = {
	};
	objectVersion = 46;
	objects = {

/* Begin PBXBuildFile section */
		3B820B5F1B1695F900056C64 /* AppDelegate.swift in Sources */ = {isa = PBXBuildFile; fileRef = 3B820B5E1B1695F900056C64 /* AppDelegate.swift */; };
		3B820B611B1695F900056C64 /* ViewController.swift in Sources */ = {isa = PBXBuildFile; fileRef = 3B820B601B1695F900056C64 /* ViewController.swift */; };
		3B820B641B1695FA00056C64 /* Main.storyboard in Resources */ = {isa = PBXBuildFile; fileRef = 3B820B621B1695FA00056C64 /* Main.storyboard */; };
		3B820B661B1695FA00056C64 /* Images.xcassets in Resources */ = {isa = PBXBuildFile; fileRef = 3B820B651B1695FA00056C64 /* Images.xcassets */; };
		3B820B691B1695FA00056C64 /* LaunchScreen.xib in Resources */ = {isa = PBXBuildFile; fileRef = 3B820B671B1695FA00056C64 /* LaunchScreen.xib */; };
		3B820B751B1695FA00056C64 /* Shake_It_OffTests.swift in Sources */ = {isa = PBXBuildFile; fileRef = 3B820B741B1695FA00056C64 /* Shake_It_OffTests.swift */; };
/* End PBXBuildFile section */

/* Begin PBXContainerItemProxy section */
		3B820B6F1B1695FA00056C64 /* PBXContainerItemProxy */ = {
			isa = PBXContainerItemProxy;
			containerPortal = 3B820B511B1695F900056C64 /* Project object */;
			proxyType = 1;
			remoteGlobalIDString = 3B820B581B1695F900056C64;
			remoteInfo = "Shake It Off";
		};
/* End PBXContainerItemProxy section */

/* Begin PBXFileReference section */
		3B820B591B1695F900056C64 /* Shake It Off.app */ = {isa = PBXFileReference; explicitFileType = wrapper.application; includeInIndex = 0; path = "Shake It Off.app"; sourceTree = BUILT_PRODUCTS_DIR; };
		3B820B5D1B1695F900056C64 /* Info.plist */ = {isa = PBXFileReference; lastKnownFileType = text.plist.xml; path = Info.plist; sourceTree = "<group>"; };
		3B820B5E1B1695F900056C64 /* AppDelegate.swift */ = {isa = PBXFileReference; lastKnownFileType = sourcecode.swift; path = AppDelegate.swift; sourceTree = "<group>"; };
		3B820B601B1695F900056C64 /* ViewController.swift */ = {isa = PBXFileReference; lastKnownFileType = sourcecode.swift; path = ViewController.swift; sourceTree = "<group>"; };
		3B820B631B1695FA00056C64 /* Base */ = {isa = PBXFileReference; lastKnownFileType = file.storyboard; name = Base; path = Base.lproj/Main.storyboard; sourceTree = "<group>"; };
		3B820B651B1695FA00056C64 /* Images.xcassets */ = {isa = PBXFileReference; lastKnownFileType = folder.assetcatalog; path = Images.xcassets; sourceTree = "<group>"; };
		3B820B681B1695FA00056C64 /* Base */ = {isa = PBXFileReference; lastKnownFileType = file.xib; name = Base; path = Base.lproj/LaunchScreen.xib; sourceTree = "<group>"; };
		3B820B6E1B1695FA00056C64 /* Shake It OffTests.xctest */ = {isa = PBXFileReference; explicitFileType = wrapper.cfbundle; includeInIndex = 0; path = "Shake It OffTests.xctest"; sourceTree = BUILT_PRODUCTS_DIR; };
		3B820B731B1695FA00056C64 /* Info.plist */ = {isa = PBXFileReference; lastKnownFileType = text.plist.xml; path = Info.plist; sourceTree = "<group>"; };
		3B820B741B1695FA00056C64 /* Shake_It_OffTests.swift */ = {isa = PBXFileReference; lastKnownFileType = sourcecode.swift; path = Shake_It_OffTests.swift; sourceTree = "<group>"; };
/* End PBXFileReference section */

/* Begin PBXFrameworksBuildPhase section */
		3B820B561B1695F900056C64 /* Frameworks */ = {
			isa = PBXFrameworksBuildPhase;
			buildActionMask = 2147483647;
			files = (
			);
			runOnlyForDeploymentPostprocessing = 0;
		};
		3B820B6B1B1695FA00056C64 /* Frameworks */ = {
			isa = PBXFrameworksBuildPhase;
			buildActionMask = 2147483647;
			files = (
			);
			runOnlyForDeploymentPostprocessing = 0;
		};
/* End PBXFrameworksBuildPhase section */

/* Begin PBXGroup section */
		3B820B501B1695F900056C64 = {
			isa = PBXGroup;
			children = (
				3B820B5B1B1695F900056C64 /* Shake It Off */,
				3B820B711B1695FA00056C64 /* Shake It OffTests */,
				3B820B5A1B1695F900056C64 /* Products */,
			);
			sourceTree = "<group>";
		};
		3B820B5A1B1695F900056C64 /* Products */ = {
			isa = PBXGroup;
			children = (
				3B820B591B1695F900056C64 /* Shake It Off.app */,
				3B820B6E1B1695FA00056C64 /* Shake It OffTests.xctest */,
			);
			name = Products;
			sourceTree = "<group>";
		};
		3B820B5B1B1695F900056C64 /* Shake It Off */ = {
			isa = PBXGroup;
			children = (
				3B820B5E1B1695F900056C64 /* AppDelegate.swift */,
				3B820B601B1695F900056C64 /* ViewController.swift */,
				3B820B621B1695FA00056C64 /* Main.storyboard */,
				3B820B651B1695FA00056C64 /* Images.xcassets */,
				3B820B671B1695FA00056C64 /* LaunchScreen.xib */,
				3B820B5C1B1695F900056C64 /* Supporting Files */,
			);
			path = "Shake It Off";
			sourceTree = "<group>";
		};
		3B820B5C1B1695F900056C64 /* Supporting Files */ = {
			isa = PBXGroup;
			children = (
				3B820B5D1B1695F900056C64 /* Info.plist */,
			);
			name = "Supporting Files";
			sourceTree = "<group>";
		};
		3B820B711B1695FA00056C64 /* Shake It OffTests */ = {
			isa = PBXGroup;
			children = (
				3B820B741B1695FA00056C64 /* Shake_It_OffTests.swift */,
				3B820B721B1695FA00056C64 /* Supporting Files */,
			);
			path = "Shake It OffTests";
			sourceTree = "<group>";
		};
		3B820B721B1695FA00056C64 /* Supporting Files */ = {
			isa = PBXGroup;
			children = (
				3B820B731B1695FA00056C64 /* Info.plist */,
			);
			name = "Supporting Files";
			sourceTree = "<group>";
		};
/* End PBXGroup section */

/* Begin PBXNativeTarget section */
		3B820B581B1695F900056C64 /* Shake It Off */ = {
			isa = PBXNativeTarget;
			buildConfigurationList = 3B820B781B1695FA00056C64 /* Build configuration list for PBXNativeTarget "Shake It Off" */;
			buildPhases = (
				3B820B551B1695F900056C64 /* Sources */,
				3B820B561B1695F900056C64 /* Frameworks */,
				3B820B571B1695F900056C64 /* Resources */,
			);
			buildRules = (
			);
			dependencies = (
			);
			name = "Shake It Off";
			productName = "Shake It Off";
			productReference = 3B820B591B1695F900056C64 /* Shake It Off.app */;
			productType = "com.apple.product-type.application";
		};
		3B820B6D1B1695FA00056C64 /* Shake It OffTests */ = {
			isa = PBXNativeTarget;
			buildConfigurationList = 3B820B7B1B1695FA00056C64 /* Build configuration list for PBXNativeTarget "Shake It OffTests" */;
			buildPhases = (
				3B820B6A1B1695FA00056C64 /* Sources */,
				3B820B6B1B1695FA00056C64 /* Frameworks */,
				3B820B6C1B1695FA00056C64 /* Resources */,
			);
			buildRules = (
			);
			dependencies = (
				3B820B701B1695FA00056C64 /* PBXTargetDependency */,
			);
			name = "Shake It OffTests";
			productName = "Shake It OffTests";
			productReference = 3B820B6E1B1695FA00056C64 /* Shake It OffTests.xctest */;
			productType = "com.apple.product-type.bundle.unit-test";
		};
/* End PBXNativeTarget section */

/* Begin PBXProject section */
		3B820B511B1695F900056C64 /* Project object */ = {
			isa = PBXProject;
			attributes = {
				LastUpgradeCheck = 0630;
				ORGANIZATIONNAME = "Jay Ang";
				TargetAttributes = {
					3B820B581B1695F900056C64 = {
						CreatedOnToolsVersion = 6.3.1;
					};
					3B820B6D1B1695FA00056C64 = {
						CreatedOnToolsVersion = 6.3.1;
						TestTargetID = 3B820B581B1695F900056C64;
					};
				};
			};
			buildConfigurationList = 3B820B541B1695F900056C64 /* Build configuration list for PBXProject "Shake It Off" */;
			compatibilityVersion = "Xcode 3.2";
			developmentRegion = English;
			hasScannedForEncodings = 0;
			knownRegions = (
				en,
				Base,
			);
			mainGroup = 3B820B501B1695F900056C64;
			productRefGroup = 3B820B5A1B1695F900056C64 /* Products */;
			projectDirPath = "";
			projectRoot = "";
			targets = (
				3B820B581B1695F900056C64 /* Shake It Off */,
				3B820B6D1B1695FA00056C64 /* Shake It OffTests */,
			);
		};
/* End PBXProject section */

/* Begin PBXResourcesBuildPhase section */
		3B820B571B1695F900056C64 /* Resources */ = {
			isa = PBXResourcesBuildPhase;
			buildActionMask = 2147483647;
			files = (
				3B820B641B1695FA00056C64 /* Main.storyboard in Resources */,
				3B820B691B1695FA00056C64 /* LaunchScreen.xib in Resources */,
				3B820B661B1695FA00056C64 /* Images.xcassets in Resources */,
			);
			runOnlyForDeploymentPostprocessing = 0;
		};
		3B820B6C1B1695FA00056C64 /* Resources */ = {
			isa = PBXResourcesBuildPhase;
			buildActionMask = 2147483647;
			files = (
			);
			runOnlyForDeploymentPostprocessing = 0;
		};
/* End PBXResourcesBuildPhase section */

/* Begin PBXSourcesBuildPhase section */
		3B820B551B1695F900056C64 /* Sources */ = {
			isa = PBXSourcesBuildPhase;
			buildActionMask = 2147483647;
			files = (
				3B820B611B1695F900056C64 /* ViewController.swift in Sources */,
				3B820B5F1B1695F900056C64 /* AppDelegate.swift in Sources */,
			);
			runOnlyForDeploymentPostprocessing = 0;
		};
		3B820B6A1B1695FA00056C64 /* Sources */ = {
			isa = PBXSourcesBuildPhase;
			buildActionMask = 2147483647;
			files = (
				3B820B751B1695FA00056C64 /* Shake_It_OffTests.swift in Sources */,
			);
			runOnlyForDeploymentPostprocessing = 0;
		};
/* End PBXSourcesBuildPhase section */

/* Begin PBXTargetDependency section */
		3B820B701B1695FA00056C64 /* PBXTargetDependency */ = {
			isa = PBXTargetDependency;
			target = 3B820B581B1695F900056C64 /* Shake It Off */;
			targetProxy = 3B820B6F1B1695FA00056C64 /* PBXContainerItemProxy */;
		};
/* End PBXTargetDependency section */

/* Begin PBXVariantGroup section */
		3B820B621B1695FA00056C64 /* Main.storyboard */ = {
			isa = PBXVariantGroup;
			children = (
				3B820B631B1695FA00056C64 /* Base */,
			);
			name = Main.storyboard;
			sourceTree = "<group>";
		};
		3B820B671B1695FA00056C64 /* LaunchScreen.xib */ = {
			isa = PBXVariantGroup;
			children = (
				3B820B681B1695FA00056C64 /* Base */,
			);
			name = LaunchScreen.xib;
			sourceTree = "<group>";
		};
/* End PBXVariantGroup section */

/* Begin XCBuildConfiguration section */
		3B820B761B1695FA00056C64 /* Debug */ = {
			isa = XCBuildConfiguration;
			buildSettings = {
				ALWAYS_SEARCH_USER_PATHS = NO;
				CLANG_CXX_LANGUAGE_STANDARD = "gnu++0x";
				CLANG_CXX_LIBRARY = "libc++";
				CLANG_ENABLE_MODULES = YES;
				CLANG_ENABLE_OBJC_ARC = YES;
				CLANG_WARN_BOOL_CONVERSION = YES;
				CLANG_WARN_CONSTANT_CONVERSION = YES;
				CLANG_WARN_DIRECT_OBJC_ISA_USAGE = YES_ERROR;
				CLANG_WARN_EMPTY_BODY = YES;
				CLANG_WARN_ENUM_CONVERSION = YES;
				CLANG_WARN_INT_CONVERSION = YES;
				CLANG_WARN_OBJC_ROOT_CLASS = YES_ERROR;
				CLANG_WARN_UNREACHABLE_CODE = YES;
				CLANG_WARN__DUPLICATE_METHOD_MATCH = YES;
				"CODE_SIGN_IDENTITY[sdk=iphoneos*]" = "iPhone Developer";
				COPY_PHASE_STRIP = NO;
				DEBUG_INFORMATION_FORMAT = "dwarf-with-dsym";
				ENABLE_STRICT_OBJC_MSGSEND = YES;
				GCC_C_LANGUAGE_STANDARD = gnu99;
				GCC_DYNAMIC_NO_PIC = NO;
				GCC_NO_COMMON_BLOCKS = YES;
				GCC_OPTIMIZATION_LEVEL = 0;
				GCC_PREPROCESSOR_DEFINITIONS = (
					"DEBUG=1",
					"$(inherited)",
				);
				GCC_SYMBOLS_PRIVATE_EXTERN = NO;
				GCC_WARN_64_TO_32_BIT_CONVERSION = YES;
				GCC_WARN_ABOUT_RETURN_TYPE = YES_ERROR;
				GCC_WARN_UNDECLARED_SELECTOR = YES;
				GCC_WARN_UNINITIALIZED_AUTOS = YES_AGGRESSIVE;
				GCC_WARN_UNUSED_FUNCTION = YES;
				GCC_WARN_UNUSED_VARIABLE = YES;
				IPHONEOS_DEPLOYMENT_TARGET = 8.3;
				MTL_ENABLE_DEBUG_INFO = YES;
				ONLY_ACTIVE_ARCH = YES;
				SDKROOT = iphoneos;
				SWIFT_OPTIMIZATION_LEVEL = "-Onone";
			};
			name = Debug;
		};
		3B820B771B1695FA00056C64 /* Release */ = {
			isa = XCBuildConfiguration;
			buildSettings = {
				ALWAYS_SEARCH_USER_PATHS = NO;
				CLANG_CXX_LANGUAGE_STANDARD = "gnu++0x";
				CLANG_CXX_LIBRARY = "libc++";
				CLANG_ENABLE_MODULES = YES;
				CLANG_ENABLE_OBJC_ARC = YES;
				CLANG_WARN_BOOL_CONVERSION = YES;
				CLANG_WARN_CONSTANT_CONVERSION = YES;
				CLANG_WARN_DIRECT_OBJC_ISA_USAGE = YES_ERROR;
				CLANG_WARN_EMPTY_BODY = YES;
				CLANG_WARN_ENUM_CONVERSION = YES;
				CLANG_WARN_INT_CONVERSION = YES;
				CLANG_WARN_OBJC_ROOT_CLASS = YES_ERROR;
				CLANG_WARN_UNREACHABLE_CODE = YES;
				CLANG_WARN__DUPLICATE_METHOD_MATCH = YES;
				"CODE_SIGN_IDENTITY[sdk=iphoneos*]" = "iPhone Developer";
				COPY_PHASE_STRIP = NO;
				DEBUG_INFORMATION_FORMAT = "dwarf-with-dsym";
				ENABLE_NS_ASSERTIONS = NO;
				ENABLE_STRICT_OBJC_MSGSEND = YES;
				GCC_C_LANGUAGE_STANDARD = gnu99;
				GCC_NO_COMMON_BLOCKS = YES;
				GCC_WARN_64_TO_32_BIT_CONVERSION = YES;
				GCC_WARN_ABOUT_RETURN_TYPE = YES_ERROR;
				GCC_WARN_UNDECLARED_SELECTOR = YES;
				GCC_WARN_UNINITIALIZED_AUTOS = YES_AGGRESSIVE;
				GCC_WARN_UNUSED_FUNCTION = YES;
				GCC_WARN_UNUSED_VARIABLE = YES;
				IPHONEOS_DEPLOYMENT_TARGET = 8.3;
				MTL_ENABLE_DEBUG_INFO = NO;
				SDKROOT = iphoneos;
				VALIDATE_PRODUCT = YES;
			};
			name = Release;
		};
		3B820B791B1695FA00056C64 /* Debug */ = {
			isa = XCBuildConfiguration;
			buildSettings = {
				ASSETCATALOG_COMPILER_APPICON_NAME = AppIcon;
				INFOPLIST_FILE = "Shake It Off/Info.plist";
				LD_RUNPATH_SEARCH_PATHS = "$(inherited) @executable_path/Frameworks";
				PRODUCT_NAME = "$(TARGET_NAME)";
			};
			name = Debug;
		};
		3B820B7A1B1695FA00056C64 /* Release */ = {
			isa = XCBuildConfiguration;
			buildSettings = {
				ASSETCATALOG_COMPILER_APPICON_NAME = AppIcon;
				INFOPLIST_FILE = "Shake It Off/Info.plist";
				LD_RUNPATH_SEARCH_PATHS = "$(inherited) @executable_path/Frameworks";
				PRODUCT_NAME = "$(TARGET_NAME)";
			};
			name = Release;
		};
		3B820B7C1B1695FA00056C64 /* Debug */ = {
			isa = XCBuildConfiguration;
			buildSettings = {
				BUNDLE_LOADER = "$(TEST_HOST)";
				FRAMEWORK_SEARCH_PATHS = (
					"$(SDKROOT)/Developer/Library/Frameworks",
					"$(inherited)",
				);
				GCC_PREPROCESSOR_DEFINITIONS = (
					"DEBUG=1",
					"$(inherited)",
				);
				INFOPLIST_FILE = "Shake It OffTests/Info.plist";
				LD_RUNPATH_SEARCH_PATHS = "$(inherited) @executable_path/Frameworks @loader_path/Frameworks";
				PRODUCT_NAME = "$(TARGET_NAME)";
				TEST_HOST = "$(BUILT_PRODUCTS_DIR)/Shake It Off.app/Shake It Off";
			};
			name = Debug;
		};
		3B820B7D1B1695FA00056C64 /* Release */ = {
			isa = XCBuildConfiguration;
			buildSettings = {
				BUNDLE_LOADER = "$(TEST_HOST)";
				FRAMEWORK_SEARCH_PATHS = (
					"$(SDKROOT)/Developer/Library/Frameworks",
					"$(inherited)",
				);
				INFOPLIST_FILE = "Shake It OffTests/Info.plist";
				LD_RUNPATH_SEARCH_PATHS = "$(inherited) @executable_path/Frameworks @loader_path/Frameworks";
				PRODUCT_NAME = "$(TARGET_NAME)";
				TEST_HOST = "$(BUILT_PRODUCTS_DIR)/Shake It Off.app/Shake It Off";
			};
			name = Release;
		};
/* End XCBuildConfiguration section */

/* Begin XCConfigurationList section */
		3B820B541B1695F900056C64 /* Build configuration list for PBXProject "Shake It Off" */ = {
			isa = XCConfigurationList;
			buildConfigurations = (
				3B820B761B1695FA00056C64 /* Debug */,
				3B820B771B1695FA00056C64 /* Release */,
			);
			defaultConfigurationIsVisible = 0;
			defaultConfigurationName = Release;
		};
		3B820B781B1695FA00056C64 /* Build configuration list for PBXNativeTarget "Shake It Off" */ = {
			isa = XCConfigurationList;
			buildConfigurations = (
				3B820B791B1695FA00056C64 /* Debug */,
				3B820B7A1B1695FA00056C64 /* Release */,
			);
			defaultConfigurationIsVisible = 0;
		};
		3B820B7B1B1695FA00056C64 /* Build configuration list for PBXNativeTarget "Shake It OffTests" */ = {
			isa = XCConfigurationList;
			buildConfigurations = (
				3B820B7C1B1695FA00056C64 /* Debug */,
				3B820B7D1B1695FA00056C64 /* Release */,
			);
			defaultConfigurationIsVisible = 0;
		};
/* End XCConfigurationList section */
	};
	rootObject = 3B820B511B1695F900056C64 /* Project object */;
}
